{
  "name": "mokacoding",
  "version": "0.0.0",
  "lockfileVersion": 1,
  "requires": true,
  "dependencies": {
    "amdefine": {
      "version": "1.0.1",
      "resolved": "https://registry.npmjs.org/amdefine/-/amdefine-1.0.1.tgz",
      "integrity": "sha1-SlKCrBZHKek2Gbz9OtFR+BfOkfU="
    },
    "ansi-styles": {
      "version": "1.0.0",
      "resolved": "https://registry.npmjs.org/ansi-styles/-/ansi-styles-1.0.0.tgz",
      "integrity": "sha1-yxAt8cVvUSPquLZ817mAJ6AnkXg="
    },
    "async": {
      "version": "0.2.10",
      "resolved": "https://registry.npmjs.org/async/-/async-0.2.10.tgz",
      "integrity": "sha1-trvgsGdLnXGXCMo43owjfLUmw9E="
    },
    "balanced-match": {
      "version": "1.0.0",
      "resolved": "https://registry.npmjs.org/balanced-match/-/balanced-match-1.0.0.tgz",
      "integrity": "sha1-ibTRmasr7kneFk6gK4nORi1xt2c="
    },
    "brace-expansion": {
      "version": "1.1.11",
      "resolved": "https://registry.npmjs.org/brace-expansion/-/brace-expansion-1.1.11.tgz",
      "integrity": "sha512-iCuPHDFgrHX7H2vEI/5xpz07zSHB00TpugqhmYtVmMO6518mCuRMoOYFldEBl0g187ufozdaHgWKcYFb61qGiA==",
      "requires": {
        "balanced-match": "^1.0.0",
        "concat-map": "0.0.1"
      }
    },
    "camelcase": {
      "version": "1.2.1",
      "resolved": "https://registry.npmjs.org/camelcase/-/camelcase-1.2.1.tgz",
      "integrity": "sha1-m7UwTS4LVmmLLHWLCKPqqdqlijk="
    },
    "chalk": {
      "version": "0.4.0",
      "resolved": "https://registry.npmjs.org/chalk/-/chalk-0.4.0.tgz",
      "integrity": "sha1-UZmj3c0MHv4jvAjBsCewYXbgxk8=",
      "requires": {
        "ansi-styles": "~1.0.0",
        "has-color": "~0.1.0",
        "strip-ansi": "~0.1.0"
      }
    },
    "character-parser": {
      "version": "1.2.0",
      "resolved": "https://registry.npmjs.org/character-parser/-/character-parser-1.2.0.tgz",
      "integrity": "sha1-lBNNbl2HCjm+NZ99IkYJNRhN3vY="
    },
    "clone": {
      "version": "0.1.19",
      "resolved": "https://registry.npmjs.org/clone/-/clone-0.1.19.tgz",
      "integrity": "sha1-YT+2hjmyaklKxTJT4Vsaa9iK2oU="
    },
    "colors": {
      "version": "0.6.2",
      "resolved": "https://registry.npmjs.org/colors/-/colors-0.6.2.tgz",
      "integrity": "sha1-JCP+ZnisDF2uiFLl0OW+CMmXq8w=",
      "dev": true
    },
    "commander": {
      "version": "2.1.0",
      "resolved": "https://registry.npmjs.org/commander/-/commander-2.1.0.tgz",
      "integrity": "sha1-0SG7roYNmZKj1Re6lvVliOR8Z4E="
    },
    "concat-map": {
      "version": "0.0.1",
      "resolved": "https://registry.npmjs.org/concat-map/-/concat-map-0.0.1.tgz",
      "integrity": "sha1-2Klr13/Wjfd5OnMDajug1UBdR3s="
    },
    "consolidate": {
      "version": "0.10.0",
      "resolved": "https://registry.npmjs.org/consolidate/-/consolidate-0.10.0.tgz",
      "integrity": "sha1-gfGmzroSR9+c73omHOUnws5Tj3o="
    },
    "constantinople": {
      "version": "2.0.1",
      "resolved": "https://registry.npmjs.org/constantinople/-/constantinople-2.0.1.tgz",
      "integrity": "sha1-WCn4VvMBqb2xB9k1932OuMzsTHk=",
      "requires": {
        "uglify-js": "~2.4.0"
      }
    },
    "css": {
      "version": "1.0.8",
      "resolved": "https://registry.npmjs.org/css/-/css-1.0.8.tgz",
      "integrity": "sha1-k4aBHKgrzMnuf7WnMrHioxfIo+c=",
      "requires": {
        "css-parse": "1.0.4",
        "css-stringify": "1.0.5"
      }
    },
    "css-parse": {
      "version": "1.0.4",
      "resolved": "https://registry.npmjs.org/css-parse/-/css-parse-1.0.4.tgz",
      "integrity": "sha1-OLBQP7+dqfVOnB29pg4UXHcRe90="
    },
    "css-stringify": {
      "version": "1.0.5",
      "resolved": "https://registry.npmjs.org/css-stringify/-/css-stringify-1.0.5.tgz",
      "integrity": "sha1-sNBClG2ylTu50pKQCmy19tASIDE="
    },
    "debug": {
      "version": "0.7.4",
      "resolved": "https://registry.npmjs.org/debug/-/debug-0.7.4.tgz",
      "integrity": "sha1-BuHqgILCyxTjmAbiLi9vdX+Srzk="
    },
    "decamelize": {
      "version": "1.2.0",
      "resolved": "https://registry.npmjs.org/decamelize/-/decamelize-1.2.0.tgz",
      "integrity": "sha1-9lNNFRSCabIDUue+4m9QH5oZEpA="
    },
    "defaults": {
      "version": "1.0.3",
      "resolved": "https://registry.npmjs.org/defaults/-/defaults-1.0.3.tgz",
      "integrity": "sha1-xlYFHpgX2f8I7YgUd/P+QBnz730=",
      "requires": {
        "clone": "^1.0.2"
      },
      "dependencies": {
        "clone": {
          "version": "1.0.4",
          "resolved": "https://registry.npmjs.org/clone/-/clone-1.0.4.tgz",
          "integrity": "sha1-2jCcwmPfFZlMaIypAheco8fNfH4="
        }
      }
    },
    "ecstatic": {
      "version": "0.4.13",
      "resolved": "https://registry.npmjs.org/ecstatic/-/ecstatic-0.4.13.tgz",
      "integrity": "sha1-nLbq/+IRuchO+z9VPN4sMAJxeyk=",
      "dev": true,
      "requires": {
        "ent": "0.0.x",
        "mime": "1.2.x",
        "optimist": "~0.3.5"
      }
    },
    "ent": {
      "version": "0.0.7",
      "resolved": "https://registry.npmjs.org/ent/-/ent-0.0.7.tgz",
      "integrity": "sha1-g11Of556jUkhxpLpAQ7JdtpemUk=",
      "dev": true
    },
    "extend": {
      "version": "1.2.1",
      "resolved": "https://registry.npmjs.org/extend/-/extend-1.2.1.tgz",
      "integrity": "sha1-oPX9bPyDpf5J72mNYOyKYk3UV2w="
    },
    "front-matter": {
      "version": "0.2.3",
      "resolved": "https://registry.npmjs.org/front-matter/-/front-matter-0.2.3.tgz",
      "integrity": "sha1-SPuqLeGFbKR1tdON/wstbRJRlts=",
      "requires": {
        "yaml-js": "^0.1.0"
      }
    },
    "fs-extra": {
      "version": "0.8.1",
      "resolved": "https://registry.npmjs.org/fs-extra/-/fs-extra-0.8.1.tgz",
      "integrity": "sha1-Dld5/7/t9RG8dVWVx/A8BtS0Po0=",
      "requires": {
        "jsonfile": "~1.1.0",
        "mkdirp": "0.3.x",
        "ncp": "~0.4.2",
        "rimraf": "~2.2.0"
      },
      "dependencies": {
        "rimraf": {
          "version": "2.2.8",
          "resolved": "https://registry.npmjs.org/rimraf/-/rimraf-2.2.8.tgz",
          "integrity": "sha1-5Dm+Kq7jJzIZUnMPmaiSnk/FBYI="
        }
      }
    },
    "fs.realpath": {
      "version": "1.0.0",
      "resolved": "https://registry.npmjs.org/fs.realpath/-/fs.realpath-1.0.0.tgz",
      "integrity": "sha1-FQStJSMVjKpA20onh8sBQRmU6k8="
    },
    "glob": {
      "version": "7.1.6",
      "resolved": "https://registry.npmjs.org/glob/-/glob-7.1.6.tgz",
      "integrity": "sha512-LwaxwyZ72Lk7vZINtNNrywX0ZuLyStrdDtabefZKAY5ZGJhVtgdznluResxNmPitE0SAO+O26sWTHeKSI2wMBA==",
      "requires": {
        "fs.realpath": "^1.0.0",
        "inflight": "^1.0.4",
        "inherits": "2",
        "minimatch": "^3.0.4",
        "once": "^1.3.0",
        "path-is-absolute": "^1.0.0"
      }
    },
    "has-color": {
      "version": "0.1.7",
      "resolved": "https://registry.npmjs.org/has-color/-/has-color-0.1.7.tgz",
      "integrity": "sha1-ZxRKUmDDT8PMpnfQQdr1L+e3iy8="
    },
    "highlight.js": {
      "version": "10.4.1",
      "resolved": "https://registry.npmjs.org/highlight.js/-/highlight.js-10.4.1.tgz",
      "integrity": "sha512-yR5lWvNz7c85OhVAEAeFhVCc/GV4C30Fjzc/rCP0aCWzc1UUOPUk55dK/qdwTZHBvMZo+eZ2jpk62ndX/xMFlg=="
    },
    "http-server": {
      "version": "0.6.1",
      "resolved": "https://registry.npmjs.org/http-server/-/http-server-0.6.1.tgz",
      "integrity": "sha1-BvzmXPK9QTKleL2sYv+suX1hOYE=",
      "dev": true,
      "requires": {
        "colors": "0.6.x",
        "ecstatic": "0.4.x",
        "opener": "~1.3.0",
        "optimist": "0.5.x",
        "portfinder": "0.2.x",
        "union": "0.3.x"
      },
      "dependencies": {
        "optimist": {
          "version": "0.5.2",
          "resolved": "https://registry.npmjs.org/optimist/-/optimist-0.5.2.tgz",
          "integrity": "sha1-hcjBRUszFeSniUfoV7HfAzRQv7w=",
          "dev": true,
          "requires": {
            "wordwrap": "~0.0.2"
          }
        }
      }
    },
    "inflight": {
      "version": "1.0.6",
      "resolved": "https://registry.npmjs.org/inflight/-/inflight-1.0.6.tgz",
      "integrity": "sha1-Sb1jMdfQLQwJvJEKEHW6gWW1bfk=",
      "requires": {
        "once": "^1.3.0",
        "wrappy": "1"
      }
    },
    "inherits": {
      "version": "2.0.4",
      "resolved": "https://registry.npmjs.org/inherits/-/inherits-2.0.4.tgz",
      "integrity": "sha512-k/vGaX4/Yla3WzyMCvTQOXYeIHvqOKtnqBduzTHpzpQZzAskKMhZ2K+EnBiSM9zGSoIFeMpXKxa4dYeZIQqewQ=="
    },
    "is-promise": {
      "version": "1.0.1",
      "resolved": "https://registry.npmjs.org/is-promise/-/is-promise-1.0.1.tgz",
      "integrity": "sha1-MVc3YcBX4zwukaq56W2gjO++duU="
    },
    "is-utf8": {
      "version": "0.2.1",
      "resolved": "https://registry.npmjs.org/is-utf8/-/is-utf8-0.2.1.tgz",
      "integrity": "sha1-Sw2hRCEE0bM2NA6AeX6GXPOffXI="
    },
    "jade": {
      "version": "1.3.1",
      "resolved": "https://registry.npmjs.org/jade/-/jade-1.3.1.tgz",
      "integrity": "sha1-dIPYSLhxTcUKQNqYsECXkLN0IWs=",
      "requires": {
        "character-parser": "1.2.0",
        "commander": "2.1.0",
        "constantinople": "~2.0.0",
        "mkdirp": "~0.3.5",
        "monocle": "1.1.51",
        "transformers": "2.1.0",
        "with": "~3.0.0"
      }
    },
    "jsonfile": {
      "version": "1.1.1",
      "resolved": "https://registry.npmjs.org/jsonfile/-/jsonfile-1.1.1.tgz",
      "integrity": "sha1-2k/WrXfxolUgPqY8e8Mtwx72RDM="
    },
    "lodash": {
      "version": "2.4.2",
      "resolved": "https://registry.npmjs.org/lodash/-/lodash-2.4.2.tgz",
      "integrity": "sha1-+t2DS5aDBz2hebPq5tnA0VBT9z4="
    },
    "lodash._arraypool": {
      "version": "2.4.1",
      "resolved": "https://registry.npmjs.org/lodash._arraypool/-/lodash._arraypool-2.4.1.tgz",
      "integrity": "sha1-6I7suS4ruEyQZWEv2VigcZzUf5Q="
    },
    "lodash._basebind": {
      "version": "2.4.1",
      "resolved": "https://registry.npmjs.org/lodash._basebind/-/lodash._basebind-2.4.1.tgz",
      "integrity": "sha1-6UC5690nwyfgqNqxtVkWxTQelXU=",
      "requires": {
        "lodash._basecreate": "~2.4.1",
        "lodash._setbinddata": "~2.4.1",
        "lodash._slice": "~2.4.1",
        "lodash.isobject": "~2.4.1"
      }
    },
    "lodash._basecreate": {
      "version": "2.4.1",
      "resolved": "https://registry.npmjs.org/lodash._basecreate/-/lodash._basecreate-2.4.1.tgz",
      "integrity": "sha1-+Ob1tXip405UEXm1a47uv0oofgg=",
      "requires": {
        "lodash._isnative": "~2.4.1",
        "lodash.isobject": "~2.4.1",
        "lodash.noop": "~2.4.1"
      }
    },
    "lodash._basecreatecallback": {
      "version": "2.4.1",
      "resolved": "https://registry.npmjs.org/lodash._basecreatecallback/-/lodash._basecreatecallback-2.4.1.tgz",
      "integrity": "sha1-fQsmdknLKeehOdAQO3wR+uhOSFE=",
      "requires": {
        "lodash._setbinddata": "~2.4.1",
        "lodash.bind": "~2.4.1",
        "lodash.identity": "~2.4.1",
        "lodash.support": "~2.4.1"
      }
    },
    "lodash._basecreatewrapper": {
      "version": "2.4.1",
      "resolved": "https://registry.npmjs.org/lodash._basecreatewrapper/-/lodash._basecreatewrapper-2.4.1.tgz",
      "integrity": "sha1-TTHy595+E0+/KAN2K4FQsyUZZm8=",
      "requires": {
        "lodash._basecreate": "~2.4.1",
        "lodash._setbinddata": "~2.4.1",
        "lodash._slice": "~2.4.1",
        "lodash.isobject": "~2.4.1"
      }
    },
    "lodash._basedifference": {
      "version": "2.4.1",
      "resolved": "https://registry.npmjs.org/lodash._basedifference/-/lodash._basedifference-2.4.1.tgz",
      "integrity": "sha1-eGl8pnQSyeW12+q1TRslc7iaYzQ=",
      "requires": {
        "lodash._baseindexof": "~2.4.1",
        "lodash._cacheindexof": "~2.4.1",
        "lodash._createcache": "~2.4.1",
        "lodash._largearraysize": "~2.4.1",
        "lodash._releaseobject": "~2.4.1"
      }
    },
    "lodash._baseflatten": {
      "version": "2.4.1",
      "resolved": "https://registry.npmjs.org/lodash._baseflatten/-/lodash._baseflatten-2.4.1.tgz",
      "integrity": "sha1-rrvn5tKMe1GwW9kusdyiexSYyNI=",
      "requires": {
        "lodash.isarguments": "~2.4.1",
        "lodash.isarray": "~2.4.1"
      }
    },
    "lodash._baseindexof": {
      "version": "2.4.1",
      "resolved": "https://registry.npmjs.org/lodash._baseindexof/-/lodash._baseindexof-2.4.1.tgz",
      "integrity": "sha1-WdtYQStAYEykUxq696Q88cw2vVk="
    },
    "lodash._baseisequal": {
      "version": "2.4.1",
      "resolved": "https://registry.npmjs.org/lodash._baseisequal/-/lodash._baseisequal-2.4.1.tgz",
      "integrity": "sha1-ax5i5YfFUjER9vIoVT2rGeRF/AM=",
      "requires": {
        "lodash._getarray": "~2.4.1",
        "lodash._objecttypes": "~2.4.1",
        "lodash._releasearray": "~2.4.1",
        "lodash.forin": "~2.4.1",
        "lodash.isfunction": "~2.4.1"
      }
    },
    "lodash._cacheindexof": {
      "version": "2.4.1",
      "resolved": "https://registry.npmjs.org/lodash._cacheindexof/-/lodash._cacheindexof-2.4.1.tgz",
      "integrity": "sha1-qf0HzCeO64gqaxjQ/tbFXghzz0s=",
      "requires": {
        "lodash._baseindexof": "~2.4.1",
        "lodash._keyprefix": "~2.4.1"
      }
    },
    "lodash._cachepush": {
      "version": "2.4.1",
      "resolved": "https://registry.npmjs.org/lodash._cachepush/-/lodash._cachepush-2.4.1.tgz",
      "integrity": "sha1-z97RJYuRm3om1rASZmpYSXIzCJk=",
      "requires": {
        "lodash._keyprefix": "~2.4.1"
      }
    },
    "lodash._createcache": {
      "version": "2.4.1",
      "resolved": "https://registry.npmjs.org/lodash._createcache/-/lodash._createcache-2.4.1.tgz",
      "integrity": "sha1-9MIoLDvKGY0S9BhKwrYhLmkdyFQ=",
      "requires": {
        "lodash._cachepush": "~2.4.1",
        "lodash._getobject": "~2.4.1",
        "lodash._releaseobject": "~2.4.1"
      }
    },
    "lodash._createwrapper": {
      "version": "2.4.1",
      "resolved": "https://registry.npmjs.org/lodash._createwrapper/-/lodash._createwrapper-2.4.1.tgz",
      "integrity": "sha1-UdaVeXPaTtVW43KQ2MGhjFPeFgc=",
      "requires": {
        "lodash._basebind": "~2.4.1",
        "lodash._basecreatewrapper": "~2.4.1",
        "lodash._slice": "~2.4.1",
        "lodash.isfunction": "~2.4.1"
      }
    },
    "lodash._getarray": {
      "version": "2.4.1",
      "resolved": "https://registry.npmjs.org/lodash._getarray/-/lodash._getarray-2.4.1.tgz",
      "integrity": "sha1-+vH3+BD6mFolHCGHQESBCUg55e4=",
      "requires": {
        "lodash._arraypool": "~2.4.1"
      }
    },
    "lodash._getobject": {
      "version": "2.4.1",
      "resolved": "https://registry.npmjs.org/lodash._getobject/-/lodash._getobject-2.4.1.tgz",
      "integrity": "sha1-Q4B1pQRudyOOHWoBRXtTV6W1yxY=",
      "requires": {
        "lodash._objectpool": "~2.4.1"
      }
    },
    "lodash._isnative": {
      "version": "2.4.1",
      "resolved": "https://registry.npmjs.org/lodash._isnative/-/lodash._isnative-2.4.1.tgz",
      "integrity": "sha1-PqZAS3hKe+g2x7V1gOHN95sUgyw="
    },
    "lodash._keyprefix": {
      "version": "2.4.2",
      "resolved": "https://registry.npmjs.org/lodash._keyprefix/-/lodash._keyprefix-2.4.2.tgz",
      "integrity": "sha1-GOQp0NveIAOVg1HH0utmTzdPhVg="
    },
    "lodash._largearraysize": {
      "version": "2.4.1",
      "resolved": "https://registry.npmjs.org/lodash._largearraysize/-/lodash._largearraysize-2.4.1.tgz",
      "integrity": "sha1-jTj/N45ge65VQ1WSOph02xF8o6g="
    },
    "lodash._maxpoolsize": {
      "version": "2.4.1",
      "resolved": "https://registry.npmjs.org/lodash._maxpoolsize/-/lodash._maxpoolsize-2.4.1.tgz",
      "integrity": "sha1-nUgvRjuOZq++WcLBTtsRcGAXIzQ="
    },
    "lodash._objectpool": {
      "version": "2.4.1",
      "resolved": "https://registry.npmjs.org/lodash._objectpool/-/lodash._objectpool-2.4.1.tgz",
      "integrity": "sha1-UssUtmaHuuoIDb91FlKNA+Ud6bE="
    },
    "lodash._objecttypes": {
      "version": "2.4.1",
      "resolved": "https://registry.npmjs.org/lodash._objecttypes/-/lodash._objecttypes-2.4.1.tgz",
      "integrity": "sha1-fAt/admKH3ZSn4kLDNsbTf7BHBE="
    },
    "lodash._releasearray": {
      "version": "2.4.1",
      "resolved": "https://registry.npmjs.org/lodash._releasearray/-/lodash._releasearray-2.4.1.tgz",
      "integrity": "sha1-phOWMNdtFTawfdyAliiJsIL2pkE=",
      "requires": {
        "lodash._arraypool": "~2.4.1",
        "lodash._maxpoolsize": "~2.4.1"
      }
    },
    "lodash._releaseobject": {
      "version": "2.4.1",
      "resolved": "https://registry.npmjs.org/lodash._releaseobject/-/lodash._releaseobject-2.4.1.tgz",
      "integrity": "sha1-oBjnG+cEZRDrq60TzVHdLBRQWTg=",
      "requires": {
        "lodash._maxpoolsize": "~2.4.1",
        "lodash._objectpool": "~2.4.1"
      }
    },
    "lodash._setbinddata": {
      "version": "2.4.1",
      "resolved": "https://registry.npmjs.org/lodash._setbinddata/-/lodash._setbinddata-2.4.1.tgz",
      "integrity": "sha1-98IAzRuS7yNrOZ7s9zxkjReqlNI=",
      "requires": {
        "lodash._isnative": "~2.4.1",
        "lodash.noop": "~2.4.1"
      }
    },
    "lodash._shimkeys": {
      "version": "2.4.1",
      "resolved": "https://registry.npmjs.org/lodash._shimkeys/-/lodash._shimkeys-2.4.1.tgz",
      "integrity": "sha1-bpzJZm/wgfC1psl4uD4kLmlJ0gM=",
      "requires": {
        "lodash._objecttypes": "~2.4.1"
      }
    },
    "lodash._slice": {
      "version": "2.4.1",
      "resolved": "https://registry.npmjs.org/lodash._slice/-/lodash._slice-2.4.1.tgz",
      "integrity": "sha1-dFz0GlNZexj2iImFREBe+isG2Q8="
    },
    "lodash.bind": {
      "version": "2.4.1",
      "resolved": "https://registry.npmjs.org/lodash.bind/-/lodash.bind-2.4.1.tgz",
      "integrity": "sha1-XRn6AFyMTSNvr0dCx7eh/Kvikmc=",
      "requires": {
        "lodash._createwrapper": "~2.4.1",
        "lodash._slice": "~2.4.1"
      }
    },
    "lodash.createcallback": {
      "version": "2.4.4",
      "resolved": "https://registry.npmjs.org/lodash.createcallback/-/lodash.createcallback-2.4.4.tgz",
      "integrity": "sha1-SkUwhJsBZVAD/L31Y1JO/zzrAsQ=",
      "requires": {
        "lodash._basecreatecallback": "~2.4.1",
        "lodash._baseisequal": "~2.4.1",
        "lodash.isobject": "~2.4.1",
        "lodash.keys": "~2.4.1",
        "lodash.property": "~2.4.1"
      }
    },
    "lodash.forin": {
      "version": "2.4.1",
      "resolved": "https://registry.npmjs.org/lodash.forin/-/lodash.forin-2.4.1.tgz",
      "integrity": "sha1-gInq7X0lsIZyt8Zv0HrFXQYjIOs=",
      "requires": {
        "lodash._basecreatecallback": "~2.4.1",
        "lodash._objecttypes": "~2.4.1"
      }
    },
    "lodash.identity": {
      "version": "2.4.1",
      "resolved": "https://registry.npmjs.org/lodash.identity/-/lodash.identity-2.4.1.tgz",
      "integrity": "sha1-ZpTP+mX++TH3wxzobHRZfPVg9PE="
    },
    "lodash.isarguments": {
      "version": "2.4.1",
      "resolved": "https://registry.npmjs.org/lodash.isarguments/-/lodash.isarguments-2.4.1.tgz",
      "integrity": "sha1-STGpwIJTrfCRrnyhkiWKlzh27Mo="
    },
    "lodash.isarray": {
      "version": "2.4.1",
      "resolved": "https://registry.npmjs.org/lodash.isarray/-/lodash.isarray-2.4.1.tgz",
      "integrity": "sha1-tSoybB9i9tfac6MdVAHfbvRPD6E=",
      "requires": {
        "lodash._isnative": "~2.4.1"
      }
    },
    "lodash.isfunction": {
      "version": "2.4.1",
      "resolved": "https://registry.npmjs.org/lodash.isfunction/-/lodash.isfunction-2.4.1.tgz",
      "integrity": "sha1-LP1XXHPkmKtX4xm3f6Aq3vE6lNE="
    },
    "lodash.isobject": {
      "version": "2.4.1",
      "resolved": "https://registry.npmjs.org/lodash.isobject/-/lodash.isobject-2.4.1.tgz",
      "integrity": "sha1-Wi5H/mmVPx7mMafrof5k0tBlWPU=",
      "requires": {
        "lodash._objecttypes": "~2.4.1"
      }
    },
    "lodash.keys": {
      "version": "2.4.1",
      "resolved": "https://registry.npmjs.org/lodash.keys/-/lodash.keys-2.4.1.tgz",
      "integrity": "sha1-SN6kbfj/djKxDXBrissmWR4rNyc=",
      "requires": {
        "lodash._isnative": "~2.4.1",
        "lodash._shimkeys": "~2.4.1",
        "lodash.isobject": "~2.4.1"
      }
    },
    "lodash.noop": {
      "version": "2.4.1",
      "resolved": "https://registry.npmjs.org/lodash.noop/-/lodash.noop-2.4.1.tgz",
      "integrity": "sha1-T7VPgWZS5a4Q6PcvcXo4jHMmU4o="
    },
    "lodash.omit": {
      "version": "2.4.1",
      "resolved": "https://registry.npmjs.org/lodash.omit/-/lodash.omit-2.4.1.tgz",
      "integrity": "sha1-isNsKE8eIDXb04QPos+kDgjeS5w=",
      "requires": {
        "lodash._basedifference": "~2.4.1",
        "lodash._baseflatten": "~2.4.1",
        "lodash.createcallback": "~2.4.1",
        "lodash.forin": "~2.4.1"
      }
    },
    "lodash.property": {
      "version": "2.4.1",
      "resolved": "https://registry.npmjs.org/lodash.property/-/lodash.property-2.4.1.tgz",
      "integrity": "sha1-QEnAVJ2vWnECvF6T7q67N53rEy8="
    },
    "lodash.support": {
      "version": "2.4.1",
      "resolved": "https://registry.npmjs.org/lodash.support/-/lodash.support-2.4.1.tgz",
      "integrity": "sha1-Mg4LZwMWc8KNeiu12eAzGkUkBRU=",
      "requires": {
        "lodash._isnative": "~2.4.1"
      }
    },
    "lru-cache": {
      "version": "2.7.3",
      "resolved": "https://registry.npmjs.org/lru-cache/-/lru-cache-2.7.3.tgz",
      "integrity": "sha1-bUUk6LlV+V1PW1iFHOId1y+06VI="
    },
    "marked": {
      "version": "0.3.19",
      "resolved": "https://registry.npmjs.org/marked/-/marked-0.3.19.tgz",
      "integrity": "sha512-ea2eGWOqNxPcXv8dyERdSr/6FmzvWwzjMxpfGB/sbMccXoct+xY+YukPD+QTUZwyvK7BZwcr4m21WBOW41pAkg=="
    },
    "metalsmith": {
      "version": "git://github.com/mokagio/metalsmith.git#7ada011404921d9a5d81796c0ec38303acc733fd",
      "from": "git://github.com/mokagio/metalsmith.git#mokagio/clean-except",
      "requires": {
        "async": "~0.2.10",
        "chalk": "^0.4.0",
        "clone": "^0.1.11",
        "defaults": "~1.0.0",
        "front-matter": "~0.2.0",
        "fs-extra": "~0.8.1",
        "is-utf8": "~0.2.0",
        "recursive-readdir": "1.1.2",
        "rimraf": "^2.2.6",
        "stat-mode": "^0.2.0",
        "ware": "~0.3.0"
      }
    },
    "metalsmith-branch": {
      "version": "0.0.4",
      "resolved": "https://registry.npmjs.org/metalsmith-branch/-/metalsmith-branch-0.0.4.tgz",
      "integrity": "sha1-KZlEOi7ZHfcd5JoezTY4aVftkJ4=",
      "requires": {
        "clone": "^0.1.11",
        "debug": "~0.7.4",
        "multimatch": "^0.1.0",
        "ware": "~0.3.0"
      }
    },
    "metalsmith-collections": {
      "version": "0.4.1",
      "resolved": "https://registry.npmjs.org/metalsmith-collections/-/metalsmith-collections-0.4.1.tgz",
      "integrity": "sha1-pxwjeJjN0fecSvyg1DiHg7oGOzM=",
      "requires": {
        "debug": "~0.7.4",
        "extend": "~1.2.1",
        "minimatch": "^0.2.14",
        "uniq": "0.0.2"
      },
      "dependencies": {
        "minimatch": {
          "version": "0.2.14",
          "resolved": "https://registry.npmjs.org/minimatch/-/minimatch-0.2.14.tgz",
          "integrity": "sha1-x054BXT2PG+aCQ6Q775u9TpqdWo=",
          "requires": {
            "lru-cache": "2",
            "sigmund": "~1.0.0"
          }
        }
      }
    },
    "metalsmith-ignore": {
      "version": "0.1.2",
      "resolved": "https://registry.npmjs.org/metalsmith-ignore/-/metalsmith-ignore-0.1.2.tgz",
      "integrity": "sha1-aubGlLpipBWF6LSBoR4pKMWsQCg=",
      "requires": {
        "multimatch": "^0.1.0"
      }
    },
    "metalsmith-markdown": {
      "version": "git://github.com/mokagio/metalsmith-markdown.git#aaf14c48815860b1ea2c6f81423768db0464673c",
      "from": "git://github.com/mokagio/metalsmith-markdown.git#mokagio/custom-marked-dependency",
      "requires": {
        "debug": "~0.7.4",
        "marked": "git://github.com/mokagio/marked.git#mokagio/codeClass"
      },
      "dependencies": {
        "marked": {
          "version": "git://github.com/mokagio/marked.git#6925ab3e09ab26c201a7b3a38f8738ec9edd14db",
          "from": "git://github.com/mokagio/marked.git#mokagio/codeClass"
        }
      }
    },
    "metalsmith-permalinks": {
      "version": "0.3.2",
      "resolved": "https://registry.npmjs.org/metalsmith-permalinks/-/metalsmith-permalinks-0.3.2.tgz",
      "integrity": "sha1-Ac8DjCyVAZ7LJ5eI9SFgeDnoKDk=",
      "requires": {
        "debug": "~0.7.4",
        "moment": "^2.5.1",
        "slug-component": "~1.1.0",
        "substitute": "https://github.com/segmentio/substitute/archive/0.0.1.tar.gz"
      }
    },
    "metalsmith-templates": {
      "version": "0.5.2",
      "resolved": "https://registry.npmjs.org/metalsmith-templates/-/metalsmith-templates-0.5.2.tgz",
      "integrity": "sha1-YL54ELJhVkT/+DhnTtwkWYFf8PY=",
      "requires": {
        "async": "~0.2.10",
        "consolidate": "~0.10.0",
        "debug": "~0.7.4",
        "extend": "~1.2.1",
        "lodash.omit": "~2.4.1",
        "multimatch": "^0.1.0"
      }
    },
    "mime": {
      "version": "1.2.11",
      "resolved": "https://registry.npmjs.org/mime/-/mime-1.2.11.tgz",
      "integrity": "sha1-WCA+7Ybjpe8XrtK32evUfwpg3RA=",
      "dev": true
    },
    "minimatch": {
      "version": "3.0.4",
      "resolved": "https://registry.npmjs.org/minimatch/-/minimatch-3.0.4.tgz",
      "integrity": "sha512-yJHVQEhyqPLUTgt9B83PXu6W3rx4MvvHvSUvToogpwoGDOUQ+yDrR0HRot+yOCdCO7u4hX3pWft6kWBBcqh0UA==",
      "requires": {
        "brace-expansion": "^1.1.7"
      }
    },
    "mkdirp": {
      "version": "0.3.5",
      "resolved": "https://registry.npmjs.org/mkdirp/-/mkdirp-0.3.5.tgz",
      "integrity": "sha1-3j5fiWHIjHh+4TaN+EmsRBPsqNc="
    },
    "moment": {
      "version": "2.27.0",
      "resolved": "https://registry.npmjs.org/moment/-/moment-2.27.0.tgz",
      "integrity": "sha512-al0MUK7cpIcglMv3YF13qSgdAIqxHTO7brRtaz3DlSULbqfazqkc5kEjNrLDOM7fsjshoFIihnU8snrP7zUvhQ=="
    },
    "monocle": {
      "version": "1.1.51",
      "resolved": "https://registry.npmjs.org/monocle/-/monocle-1.1.51.tgz",
      "integrity": "sha1-Iu0W4RLpsFZ2nFzKySDjdSSdicA=",
      "requires": {
        "readdirp": "~0.2.3"
      }
    },
    "multimatch": {
      "version": "0.1.0",
      "resolved": "https://registry.npmjs.org/multimatch/-/multimatch-0.1.0.tgz",
      "integrity": "sha1-CZ2fj4RjrDbPv6JzYLwWzuh97WQ=",
      "requires": {
        "lodash": "~2.4.1",
        "minimatch": "~0.2.14"
      },
      "dependencies": {
        "minimatch": {
          "version": "0.2.14",
          "resolved": "https://registry.npmjs.org/minimatch/-/minimatch-0.2.14.tgz",
          "integrity": "sha1-x054BXT2PG+aCQ6Q775u9TpqdWo=",
          "requires": {
            "lru-cache": "2",
            "sigmund": "~1.0.0"
          }
        }
      }
    },
    "ncp": {
      "version": "0.4.2",
      "resolved": "https://registry.npmjs.org/ncp/-/ncp-0.4.2.tgz",
      "integrity": "sha1-q8xsvT7C7Spyn/bnwfqPAXhKhXQ="
    },
    "node-watch": {
      "version": "0.3.5",
      "resolved": "https://registry.npmjs.org/node-watch/-/node-watch-0.3.5.tgz",
      "integrity": "sha1-oH8lOk9TjenUylIt1/GZbu7A2X4=",
      "dev": true
    },
    "once": {
      "version": "1.4.0",
      "resolved": "https://registry.npmjs.org/once/-/once-1.4.0.tgz",
      "integrity": "sha1-WDsap3WWHUsROsF9nFC6753Xa9E=",
      "requires": {
        "wrappy": "1"
      }
    },
    "opener": {
      "version": "1.3.0",
      "resolved": "https://registry.npmjs.org/opener/-/opener-1.3.0.tgz",
      "integrity": "sha1-EwumYiE/qELttM0DYdMaFTAaQ+I=",
      "dev": true
    },
    "optimist": {
      "version": "0.3.7",
      "resolved": "https://registry.npmjs.org/optimist/-/optimist-0.3.7.tgz",
      "integrity": "sha1-yQlBrVnkJzMokjB00s8ufLxuwNk=",
      "requires": {
        "wordwrap": "~0.0.2"
      }
    },
    "path-is-absolute": {
      "version": "1.0.1",
      "resolved": "https://registry.npmjs.org/path-is-absolute/-/path-is-absolute-1.0.1.tgz",
      "integrity": "sha1-F0uSaHNVNP+8es5r9TpanhtcX18="
    },
    "pkginfo": {
      "version": "0.2.3",
      "resolved": "https://registry.npmjs.org/pkginfo/-/pkginfo-0.2.3.tgz",
      "integrity": "sha1-cjnEKl72wwuPMoQ52bn/cQQkkPg=",
      "dev": true
    },
    "portfinder": {
      "version": "0.2.1",
      "resolved": "https://registry.npmjs.org/portfinder/-/portfinder-0.2.1.tgz",
      "integrity": "sha1-srmwFk+eF/o6nH2yME0KdRQMca0=",
      "dev": true,
      "requires": {
        "mkdirp": "0.0.x"
      },
      "dependencies": {
        "mkdirp": {
          "version": "0.0.7",
          "resolved": "https://registry.npmjs.org/mkdirp/-/mkdirp-0.0.7.tgz",
          "integrity": "sha1-2JtPDkw+XlylQjWTFnXglP4aUHI=",
          "dev": true
        }
      }
    },
    "promise": {
      "version": "2.0.0",
      "resolved": "https://registry.npmjs.org/promise/-/promise-2.0.0.tgz",
      "integrity": "sha1-RmSKqdYFr10ucMMCS/WUNtoCuA4=",
      "requires": {
        "is-promise": "~1"
      }
    },
    "qs": {
      "version": "0.5.6",
      "resolved": "https://registry.npmjs.org/qs/-/qs-0.5.6.tgz",
      "integrity": "sha1-MbGtBYVnZRxSaSFQa5qHk5EaA4Q=",
      "dev": true
    },
    "readdirp": {
      "version": "0.2.5",
      "resolved": "https://registry.npmjs.org/readdirp/-/readdirp-0.2.5.tgz",
      "integrity": "sha1-xMJ25Sl3riXbUZH+UdAIVQ8V2bs=",
      "requires": {
        "minimatch": ">=0.2.4"
      }
    },
    "recursive-readdir": {
      "version": "1.1.2",
      "resolved": "https://registry.npmjs.org/recursive-readdir/-/recursive-readdir-1.1.2.tgz",
      "integrity": "sha1-t7pyU4RkF1HEoJIQn6R5GcCgzgQ="
    },
    "rimraf": {
      "version": "2.7.1",
      "resolved": "https://registry.npmjs.org/rimraf/-/rimraf-2.7.1.tgz",
      "integrity": "sha512-uWjbaKIK3T1OSVptzX7Nl6PvQ3qAGtKEtVRjRuazjfL3Bx5eI409VZSqgND+4UNnmzLVdPj9FqFJNPqBZFve4w==",
      "requires": {
        "glob": "^7.1.3"
      }
    },
    "sigmund": {
      "version": "1.0.1",
      "resolved": "https://registry.npmjs.org/sigmund/-/sigmund-1.0.1.tgz",
      "integrity": "sha1-P/IfGYytIXX587eBhT/ZTQ0ZtZA="
    },
    "slug-component": {
      "version": "1.1.0",
      "resolved": "https://registry.npmjs.org/slug-component/-/slug-component-1.1.0.tgz",
      "integrity": "sha1-IkKQoEWRv5rAi5xiLToU9D46Dfc="
    },
    "source-map": {
      "version": "0.1.34",
      "resolved": "https://registry.npmjs.org/source-map/-/source-map-0.1.34.tgz",
      "integrity": "sha1-p8/omux7FoLDsZjQrPtH19CQVms=",
      "requires": {
        "amdefine": ">=0.0.4"
      }
    },
    "stat-mode": {
      "version": "0.2.2",
      "resolved": "https://registry.npmjs.org/stat-mode/-/stat-mode-0.2.2.tgz",
      "integrity": "sha1-5sgLYjEj19gM8TLOU480YokHJQI="
    },
    "strip-ansi": {
      "version": "0.1.1",
      "resolved": "https://registry.npmjs.org/strip-ansi/-/strip-ansi-0.1.1.tgz",
      "integrity": "sha1-OeipjQRNFQZgq+SmgIrPcLt7yZE="
    },
    "substitute": {
      "version": "https://github.com/segmentio/substitute/archive/0.0.1.tar.gz",
      "integrity": "sha512-EnlQz7Yu+hwB9lqjP4MfEJaDDARyba6zXvFPYhDHj93LR8jtivHJEouukvaMm9ykXAxVf5TSGrkfMlutax+pGA=="
    },
    "transformers": {
      "version": "2.1.0",
      "resolved": "https://registry.npmjs.org/transformers/-/transformers-2.1.0.tgz",
      "integrity": "sha1-XSPLNVYd2F3Gf7hIIwm0fVPM6ac=",
      "requires": {
        "css": "~1.0.8",
        "promise": "~2.0",
        "uglify-js": "~2.2.5"
      },
      "dependencies": {
        "uglify-js": {
          "version": "2.2.5",
          "resolved": "https://registry.npmjs.org/uglify-js/-/uglify-js-2.2.5.tgz",
          "integrity": "sha1-puAqcNg5eSuXgEiLe4sYTAlcmcc=",
          "requires": {
            "optimist": "~0.3.5",
            "source-map": "~0.1.7"
          }
        }
      }
    },
    "uglify-js": {
      "version": "2.4.24",
      "resolved": "https://registry.npmjs.org/uglify-js/-/uglify-js-2.4.24.tgz",
      "integrity": "sha1-+tV1XB4Vd2WLsG/5q25UjJW+vW4=",
      "requires": {
        "async": "~0.2.6",
        "source-map": "0.1.34",
        "uglify-to-browserify": "~1.0.0",
        "yargs": "~3.5.4"
      }
    },
    "uglify-to-browserify": {
      "version": "1.0.2",
      "resolved": "https://registry.npmjs.org/uglify-to-browserify/-/uglify-to-browserify-1.0.2.tgz",
      "integrity": "sha1-bgkk1r2mta/jSeOabWMoUKD4grc="
    },
    "union": {
      "version": "0.3.8",
      "resolved": "https://registry.npmjs.org/union/-/union-0.3.8.tgz",
      "integrity": "sha1-JqcCpNNSi0NYyXEcir/2zJHSQlc=",
      "dev": true,
      "requires": {
        "pkginfo": "0.2.x",
        "qs": "0.5.x"
      }
    },
    "uniq": {
      "version": "0.0.2",
      "resolved": "https://registry.npmjs.org/uniq/-/uniq-0.0.2.tgz",
      "integrity": "sha1-YU6Gi6KIZR01EmI2kxesxDuQGCM="
    },
    "ware": {
      "version": "0.3.0",
      "resolved": "https://registry.npmjs.org/ware/-/ware-0.3.0.tgz",
      "integrity": "sha1-LfgESXNULstetUOX1803c7z46es="
    },
    "window-size": {
      "version": "0.1.0",
      "resolved": "https://registry.npmjs.org/window-size/-/window-size-0.1.0.tgz",
      "integrity": "sha1-VDjNLqk7IC76Ohn+iIeu58lPnJ0="
    },
    "with": {
      "version": "3.0.1",
      "resolved": "https://registry.npmjs.org/with/-/with-3.0.1.tgz",
      "integrity": "sha1-CDVNpBAkPPYXP7FCuwTmxm+W+FQ=",
      "requires": {
        "uglify-js": "~2.4.12"
      }
    },
    "wordwrap": {
      "version": "0.0.2",
      "resolved": "https://registry.npmjs.org/wordwrap/-/wordwrap-0.0.2.tgz",
      "integrity": "sha1-t5Zpu0LstAn4PVg8rVLKF+qhZD8="
    },
    "wrappy": {
      "version": "1.0.2",
      "resolved": "https://registry.npmjs.org/wrappy/-/wrappy-1.0.2.tgz",
      "integrity": "sha1-tSQ9jz7BqjXxNkYFvA0QNuMKtp8="
    },
    "yaml-js": {
      "version": "0.1.5",
      "resolved": "https://registry.npmjs.org/yaml-js/-/yaml-js-0.1.5.tgz",
      "integrity": "sha1-oBNpAQs1WNiq7SOUYV39B4D9j6w="
    },
    "yargs": {
      "version": "3.5.4",
      "resolved": "https://registry.npmjs.org/yargs/-/yargs-3.5.4.tgz",
      "integrity": "sha1-2K/49mXpTDS9JZvevRv68N3TU2E=",
      "requires": {
        "camelcase": "^1.0.2",
        "decamelize": "^1.0.0",
        "window-size": "0.1.0",
        "wordwrap": "0.0.2"
      }
    }
  }
}
